// !$*UTF8*$!
{
	archiveVersion = 1;
	classes = {
	};
	objectVersion = 46;
	objects = {

/* Begin PBXBuildFile section */
		69B7C49B1CF78924003C1FD1 /* sin_portada.png in Resources */ = {isa = PBXBuildFile; fileRef = 69B7C49A1CF78924003C1FD1 /* sin_portada.png */; };
		69FC95211CF64FE7002BE50C /* AppDelegate.swift in Sources */ = {isa = PBXBuildFile; fileRef = 69FC95201CF64FE7002BE50C /* AppDelegate.swift */; };
		69FC95231CF64FE7002BE50C /* ViewController.swift in Sources */ = {isa = PBXBuildFile; fileRef = 69FC95221CF64FE7002BE50C /* ViewController.swift */; };
		69FC95261CF64FE7002BE50C /* Main.storyboard in Resources */ = {isa = PBXBuildFile; fileRef = 69FC95241CF64FE7002BE50C /* Main.storyboard */; };
		69FC95281CF64FE7002BE50C /* Assets.xcassets in Resources */ = {isa = PBXBuildFile; fileRef = 69FC95271CF64FE7002BE50C /* Assets.xcassets */; };
		69FC952B1CF64FE7002BE50C /* LaunchScreen.storyboard in Resources */ = {isa = PBXBuildFile; fileRef = 69FC95291CF64FE7002BE50C /* LaunchScreen.storyboard */; };
/* End PBXBuildFile section */

/* Begin PBXFileReference section */
		69B7C49A1CF78924003C1FD1 /* sin_portada.png */ = {isa = PBXFileReference; lastKnownFileType = image.png; path = sin_portada.png; sourceTree = "<group>"; };
		69FC951D1CF64FE7002BE50C /* BuscarLibroCoursera.app */ = {isa = PBXFileReference; explicitFileType = wrapper.application; includeInIndex = 0; path = BuscarLibroCoursera.app; sourceTree = BUILT_PRODUCTS_DIR; };
		69FC95201CF64FE7002BE50C /* AppDelegate.swift */ = {isa = PBXFileReference; lastKnownFileType = sourcecode.swift; path = AppDelegate.swift; sourceTree = "<group>"; };
		69FC95221CF64FE7002BE50C /* ViewController.swift */ = {isa = PBXFileReference; lastKnownFileType = sourcecode.swift; path = ViewController.swift; sourceTree = "<group>"; };
		69FC95251CF64FE7002BE50C /* Base */ = {isa = PBXFileReference; lastKnownFileType = file.storyboard; name = Base; path = Base.lproj/Main.storyboard; sourceTree = "<group>"; };
		69FC95271CF64FE7002BE50C /* Assets.xcassets */ = {isa = PBXFileReference; lastKnownFileType = folder.assetcatalog; path = Assets.xcassets; sourceTree = "<group>"; };
		69FC952A1CF64FE7002BE50C /* Base */ = {isa = PBXFileReference; lastKnownFileType = file.storyboard; name = Base; path = Base.lproj/LaunchScreen.storyboard; sourceTree = "<group>"; };
		69FC952C1CF64FE7002BE50C /* Info.plist */ = {isa = PBXFileReference; lastKnownFileType = text.plist.xml; path = Info.plist; sourceTree = "<group>"; };
/* End PBXFileReference section */

/* Begin PBXFrameworksBuildPhase section */
		69FC951A1CF64FE7002BE50C /* Frameworks */ = {
			isa = PBXFrameworksBuildPhase;
			buildActionMask = 2147483647;
			files = (
			);
			runOnlyForDeploymentPostprocessing = 0;
		};
/* End PBXFrameworksBuildPhase section */

/* Begin PBXGroup section */
		69FC95141CF64FE7002BE50C = {
			isa = PBXGroup;
			children = (
				69FC951F1CF64FE7002BE50C /* BuscarLibroCoursera */,
				69FC951E1CF64FE7002BE50C /* Products */,
			);
			sourceTree = "<group>";
		};
		69FC951E1CF64FE7002BE50C /* Products */ = {
			isa = PBXGroup;
			children = (
				69FC951D1CF64FE7002BE50C /* BuscarLibroCoursera.app */,
			);
			name = Products;
			sourceTree = "<group>";
		};
		69FC951F1CF64FE7002BE50C /* BuscarLibroCoursera */ = {
			isa = PBXGroup;
			children = (
				69FC95201CF64FE7002BE50C /* AppDelegate.swift */,
				69FC95221CF64FE7002BE50C /* ViewController.swift */,
				69FC95241CF64FE7002BE50C /* Main.storyboard */,
				69B7C49A1CF78924003C1FD1 /* sin_portada.png */,
				69FC95271CF64FE7002BE50C /* Assets.xcassets */,
				69FC95291CF64FE7002BE50C /* LaunchScreen.storyboard */,
				69FC952C1CF64FE7002BE50C /* Info.plist */,
			);
			path = BuscarLibroCoursera;
			sourceTree = "<group>";
		};
/* End PBXGroup section */

/* Begin PBXNativeTarget section */
		69FC951C1CF64FE7002BE50C /* BuscarLibroCoursera */ = {
			isa = PBXNativeTarget;
			buildConfigurationList = 69FC952F1CF64FE7002BE50C /* Build configuration list for PBXNativeTarget "BuscarLibroCoursera" */;
			buildPhases = (
				69FC95191CF64FE7002BE50C /* Sources */,
				69FC951A1CF64FE7002BE50C /* Frameworks */,
				69FC951B1CF64FE7002BE50C /* Resources */,
			);
			buildRules = (
			);
			dependencies = (
			);
			name = BuscarLibroCoursera;
			productName = BuscarLibroCoursera;
			productReference = 69FC951D1CF64FE7002BE50C /* BuscarLibroCoursera.app */;
			productType = "com.apple.product-type.application";
		};
/* End PBXNativeTarget section */

/* Begin PBXProject section */
		69FC95151CF64FE7002BE50C /* Project object */ = {
			isa = PBXProject;
			attributes = {
				LastSwiftUpdateCheck = 0730;
				LastUpgradeCheck = 0730;
				ORGANIZATIONNAME = "Juan Jose Renteria";
				TargetAttributes = {
					69FC951C1CF64FE7002BE50C = {
						CreatedOnToolsVersion = 7.3.1;
					};
				};
			};
			buildConfigurationList = 69FC95181CF64FE7002BE50C /* Build configuration list for PBXProject "BuscarLibroCoursera" */;
			compatibilityVersion = "Xcode 3.2";
			developmentRegion = English;
			hasScannedForEncodings = 0;
			knownRegions = (
				en,
				Base,
			);
			mainGroup = 69FC95141CF64FE7002BE50C;
			productRefGroup = 69FC951E1CF64FE7002BE50C /* Products */;
			projectDirPath = "";
			projectRoot = "";
			targets = (
				69FC951C1CF64FE7002BE50C /* BuscarLibroCoursera */,
			);
		};
/* End PBXProject section */

/* Begin PBXResourcesBuildPhase section */
		69FC951B1CF64FE7002BE50C /* Resources */ = {
			isa = PBXResourcesBuildPhase;
			buildActionMask = 2147483647;
			files = (
				69FC952B1CF64FE7002BE50C /* LaunchScreen.storyboard in Resources */,
				69FC95281CF64FE7002BE50C /* Assets.xcassets in Resources */,
				69B7C49B1CF78924003C1FD1 /* sin_portada.png in Resources */,
				69FC95261CF64FE7002BE50C /* Main.storyboard in Resources */,
			);
			runOnlyForDeploymentPostprocessing = 0;
		};
/* End PBXResourcesBuildPhase section */

/* Begin PBXSourcesBuildPhase section */
		69FC95191CF64FE7002BE50C /* Sources */ = {
			isa = PBXSourcesBuildPhase;
			buildActionMask = 2147483647;
			files = (
				69FC95231CF64FE7002BE50C /* ViewController.swift in Sources */,
				69FC95211CF64FE7002BE50C /* AppDelegate.swift in Sources */,
			);
			runOnlyForDeploymentPostprocessing = 0;
		};
/* End PBXSourcesBuildPhase section */

/* Begin PBXVariantGroup section */
		69FC95241CF64FE7002BE50C /* Main.storyboard */ = {
			isa = PBXVariantGroup;
			children = (
				69FC95251CF64FE7002BE50C /* Base */,
			);
			name = Main.storyboard;
			sourceTree = "<group>";
		};
		69FC95291CF64FE7002BE50C /* LaunchScreen.storyboard */ = {
			isa = PBXVariantGroup;
			children = (
				69FC952A1CF64FE7002BE50C /* Base */,
			);
			name = LaunchScreen.storyboard;
			sourceTree = "<group>";
		};
/* End PBXVariantGroup section */

/* Begin XCBuildConfiguration section */
		69FC952D1CF64FE7002BE50C /* Debug */ = {
			isa = XCBuildConfiguration;
			buildSettings = {
				ALWAYS_SEARCH_USER_PATHS = NO;
				CLANG_ANALYZER_NONNULL = YES;
				CLANG_CXX_LANGUAGE_STANDARD = "gnu++0x";
				CLANG_CXX_LIBRARY = "libc++";
				CLANG_ENABLE_MODULES = YES;
				CLANG_ENABLE_OBJC_ARC = YES;
				CLANG_WARN_BOOL_CONVERSION = YES;
				CLANG_WARN_CONSTANT_CONVERSION = YES;
				CLANG_WARN_DIRECT_OBJC_ISA_USAGE = YES_ERROR;
				CLANG_WARN_EMPTY_BODY = YES;
				CLANG_WARN_ENUM_CONVERSION = YES;
				CLANG_WARN_INT_CONVERSION = YES;
				CLANG_WARN_OBJC_ROOT_CLASS = YES_ERROR;
				CLANG_WARN_UNREACHABLE_CODE = YES;
				CLANG_WARN__DUPLICATE_METHOD_MATCH = YES;
				"CODE_SIGN_IDENTITY[sdk=iphoneos*]" = "iPhone Developer";
				COPY_PHASE_STRIP = NO;
				DEBUG_INFORMATION_FORMAT = dwarf;
				ENABLE_STRICT_OBJC_MSGSEND = YES;
				ENABLE_TESTABILITY = YES;
				GCC_C_LANGUAGE_STANDARD = gnu99;
				GCC_DYNAMIC_NO_PIC = NO;
				GCC_NO_COMMON_BLOCKS = YES;
				GCC_OPTIMIZATION_LEVEL = 0;
				GCC_PREPROCESSOR_DEFINITIONS = (
					"DEBUG=1",
					"$(inherited)",
				);
				GCC_WARN_64_TO_32_BIT_CONVERSION = YES;
				GCC_WARN_ABOUT_RETURN_TYPE = YES_ERROR;
				GCC_WARN_UNDECLARED_SELECTOR = YES;
				GCC_WARN_UNINITIALIZED_AUTOS = YES_AGGRESSIVE;
				GCC_WARN_UNUSED_FUNCTION = YES;
				GCC_WARN_UNUSED_VARIABLE = YES;
				IPHONEOS_DEPLOYMENT_TARGET = 9.3;
				MTL_ENABLE_DEBUG_INFO = YES;
				ONLY_ACTIVE_ARCH = YES;
				SDKROOT = iphoneos;
				SWIFT_OPTIMIZATION_LEVEL = "-Onone";
			};
			name = Debug;
		};
		69FC952E1CF64FE7002BE50C /* Release */ = {
			isa = XCBuildConfiguration;
			buildSettings = {
				ALWAYS_SEARCH_USER_PATHS = NO;
				CLANG_ANALYZER_NONNULL = YES;
				CLANG_CXX_LANGUAGE_STANDARD = "gnu++0x";
				CLANG_CXX_LIBRARY = "libc++";
				CLANG_ENABLE_MODULES = YES;
				CLANG_ENABLE_OBJC_ARC = YES;
				CLANG_WARN_BOOL_CONVERSION = YES;
				CLANG_WARN_CONSTANT_CONVERSION = YES;
				CLANG_WARN_DIRECT_OBJC_ISA_USAGE = YES_ERROR;
				CLANG_WARN_EMPTY_BODY = YES;
				CLANG_WARN_ENUM_CONVERSION = YES;
				CLANG_WARN_INT_CONVERSION = YES;
				CLANG_WARN_OBJC_ROOT_CLASS = YES_ERROR;
				CLANG_WARN_UNREACHABLE_CODE = YES;
				CLANG_WARN__DUPLICATE_METHOD_MATCH = YES;
				"CODE_SIGN_IDENTITY[sdk=iphoneos*]" = "iPhone Developer";
				COPY_PHASE_STRIP = NO;
				DEBUG_INFORMATION_FORMAT = "dwarf-with-dsym";
				ENABLE_NS_ASSERTIONS = NO;
				ENABLE_STRICT_OBJC_MSGSEND = YES;
				GCC_C_LANGUAGE_STANDARD = gnu99;
				GCC_NO_COMMON_BLOCKS = YES;
				GCC_WARN_64_TO_32_BIT_CONVERSION = YES;
				GCC_WARN_ABOUT_RETURN_TYPE = YES_ERROR;
				GCC_WARN_UNDECLARED_SELECTOR = YES;
				GCC_WARN_UNINITIALIZED_AUTOS = YES_AGGRESSIVE;
				GCC_WARN_UNUSED_FUNCTION = YES;
				GCC_WARN_UNUSED_VARIABLE = YES;
				IPHONEOS_DEPLOYMENT_TARGET = 9.3;
				MTL_ENABLE_DEBUG_INFO = NO;
				SDKROOT = iphoneos;
				VALIDATE_PRODUCT = YES;
			};
			name = Release;
		};
		69FC95301CF64FE7002BE50C /* Debug */ = {
			isa = XCBuildConfiguration;
			buildSettings = {
				ASSETCATALOG_COMPILER_APPICON_NAME = AppIcon;
				INFOPLIST_FILE = BuscarLibroCoursera/Info.plist;
				LD_RUNPATH_SEARCH_PATHS = "$(inherited) @executable_path/Frameworks";
				PRODUCT_BUNDLE_IDENTIFIER = com.jj.BuscarLibroCoursera;
				PRODUCT_NAME = "$(TARGET_NAME)";
			};
			name = Debug;
		};
		69FC95311CF64FE7002BE50C /* Release */ = {
			isa = XCBuildConfiguration;
			buildSettings = {
				ASSETCATALOG_COMPILER_APPICON_NAME = AppIcon;
				INFOPLIST_FILE = BuscarLibroCoursera/Info.plist;
				LD_RUNPATH_SEARCH_PATHS = "$(inherited) @executable_path/Frameworks";
				PRODUCT_BUNDLE_IDENTIFIER = com.jj.BuscarLibroCoursera;
				PRODUCT_NAME = "$(TARGET_NAME)";
			};
			name = Release;
		};
/* End XCBuildConfiguration section */

/* Begin XCConfigurationList section */
		69FC95181CF64FE7002BE50C /* Build configuration list for PBXProject "BuscarLibroCoursera" */ = {
			isa = XCConfigurationList;
			buildConfigurations = (
				69FC952D1CF64FE7002BE50C /* Debug */,
				69FC952E1CF64FE7002BE50C /* Release */,
			);
			defaultConfigurationIsVisible = 0;
			defaultConfigurationName = Release;
		};
		69FC952F1CF64FE7002BE50C /* Build configuration list for PBXNativeTarget "BuscarLibroCoursera" */ = {
			isa = XCConfigurationList;
			buildConfigurations = (
				69FC95301CF64FE7002BE50C /* Debug */,
				69FC95311CF64FE7002BE50C /* Release */,
			);
			defaultConfigurationIsVisible = 0;
			defaultConfigurationName = Release;
		};
/* End XCConfigurationList section */
	};
	rootObject = 69FC95151CF64FE7002BE50C /* Project object */;
}
